// !$*UTF8*$!
{
	archiveVersion = 1;
	classes = {
	};
	objectVersion = 56;
	objects = {

/* Begin PBXBuildFile section */
		408BF9C02DA5C3D400A1B2C3 /* MorningDashboardApp.swift in Sources */ = {isa = PBXBuildFile; fileRef = 408BF9B02DA5C3D400A1B2C3 /* MorningDashboardApp.swift */; };
		408BF9C12DA5C3D400A1B2C3 /* ContentView.swift in Sources */ = {isa = PBXBuildFile; fileRef = 408BF9B12DA5C3D400A1B2C3 /* ContentView.swift */; };
		408BF9C22DA5C3D400A1B2C3 /* SolarizedTheme.swift in Sources */ = {isa = PBXBuildFile; fileRef = 408BF9B22DA5C3D400A1B2C3 /* SolarizedTheme.swift */; };
		408BF9C32DA5C3D400A1B2C3 /* WeatherSection.swift in Sources */ = {isa = PBXBuildFile; fileRef = 408BF9B32DA5C3D400A1B2C3 /* WeatherSection.swift */; };
		408BF9C42DA5C3D400A1B2C3 /* CalendarSection.swift in Sources */ = {isa = PBXBuildFile; fileRef = 408BF9B42DA5C3D400A1B2C3 /* CalendarSection.swift */; };
		408BF9C52DA5C3D400A1B2C3 /* RedsSection.swift in Sources */ = {isa = PBXBuildFile; fileRef = 408BF9B52DA5C3D400A1B2C3 /* RedsSection.swift */; };
		408BF9C62DA5C3D400A1B2C3 /* ESPNSection.swift in Sources */ = {isa = PBXBuildFile; fileRef = 408BF9B62DA5C3D400A1B2C3 /* ESPNSection.swift */; };
		408BF9C72DA5C3D400A1B2C3 /* Assets.xcassets in Resources */ = {isa = PBXBuildFile; fileRef = 408BF9B72DA5C3D400A1B2C3 /* Assets.xcassets */; };
		408BF9C82DA5C3D400A1B2C3 /* SportsDataStore.swift in Sources */ = {isa = PBXBuildFile; fileRef = 408BF9BA2DA5C3D400A1B2C3 /* SportsDataStore.swift */; };
		408BF9C92DA5C3D400A1B2C3 /* Morning Dashboard Icon.icon in Resources */ = {isa = PBXBuildFile; fileRef = 408BF9BB2DA5C3D400A1B2C3 /* Morning Dashboard Icon.icon */; };
/* End PBXBuildFile section */

/* Begin PBXFileReference section */
		408BF9B02DA5C3D400A1B2C3 /* MorningDashboardApp.swift */ = {isa = PBXFileReference; lastKnownFileType = sourcecode.swift; path = MorningDashboardApp.swift; sourceTree = "<group>"; };
		408BF9B12DA5C3D400A1B2C3 /* ContentView.swift */ = {isa = PBXFileReference; lastKnownFileType = sourcecode.swift; path = ContentView.swift; sourceTree = "<group>"; };
		408BF9B22DA5C3D400A1B2C3 /* SolarizedTheme.swift */ = {isa = PBXFileReference; lastKnownFileType = sourcecode.swift; path = SolarizedTheme.swift; sourceTree = "<group>"; };
		408BF9B32DA5C3D400A1B2C3 /* WeatherSection.swift */ = {isa = PBXFileReference; lastKnownFileType = sourcecode.swift; path = WeatherSection.swift; sourceTree = "<group>"; };
		408BF9B42DA5C3D400A1B2C3 /* CalendarSection.swift */ = {isa = PBXFileReference; lastKnownFileType = sourcecode.swift; path = CalendarSection.swift; sourceTree = "<group>"; };
		408BF9B52DA5C3D400A1B2C3 /* RedsSection.swift */ = {isa = PBXFileReference; lastKnownFileType = sourcecode.swift; path = RedsSection.swift; sourceTree = "<group>"; };
		408BF9B62DA5C3D400A1B2C3 /* ESPNSection.swift */ = {isa = PBXFileReference; lastKnownFileType = sourcecode.swift; path = ESPNSection.swift; sourceTree = "<group>"; };
		408BF9B72DA5C3D400A1B2C3 /* Assets.xcassets */ = {isa = PBXFileReference; lastKnownFileType = folder.assetcatalog; path = Assets.xcassets; sourceTree = "<group>"; };
		408BF9B82DA5C3D400A1B2C3 /* Info.plist */ = {isa = PBXFileReference; lastKnownFileType = text.plist.xml; path = Info.plist; sourceTree = "<group>"; };
		408BF9B92DA5C3D400A1B2C3 /* MorningDashboard.app */ = {isa = PBXFileReference; explicitFileType = wrapper.application; includeInIndex = 0; path = MorningDashboard.app; sourceTree = BUILT_PRODUCTS_DIR; };
		408BF9BA2DA5C3D400A1B2C3 /* SportsDataStore.swift */ = {isa = PBXFileReference; lastKnownFileType = sourcecode.swift; path = SportsDataStore.swift; sourceTree = "<group>"; };
		408BF9BB2DA5C3D400A1B2C3 /* Morning Dashboard Icon.icon */ = {isa = PBXFileReference; lastKnownFileType = folder; path = "Morning Dashboard Icon.icon"; sourceTree = "<group>"; };
/* End PBXFileReference section */

/* Begin PBXFrameworksBuildPhase section */
		408BF9D12DA5C3D400A1B2C3 /* Frameworks */ = {
			isa = PBXFrameworksBuildPhase;
			buildActionMask = 2147483647;
			files = (
			);
			runOnlyForDeploymentPostprocessing = 0;
		};
/* End PBXFrameworksBuildPhase section */

/* Begin PBXGroup section */
		408BF9AB2DA5C3D400A1B2C3 = {
			isa = PBXGroup;
			children = (
				408BF9AD2DA5C3D400A1B2C3 /* MorningDashboard */,
				408BF9AC2DA5C3D400A1B2C3 /* Products */,
			);
			sourceTree = "<group>";
		};
		408BF9AC2DA5C3D400A1B2C3 /* Products */ = {
			isa = PBXGroup;
			children = (
				408BF9B92DA5C3D400A1B2C3 /* MorningDashboard.app */,
			);
			name = Products;
			sourceTree = "<group>";
		};
		408BF9AD2DA5C3D400A1B2C3 /* MorningDashboard */ = {
			isa = PBXGroup;
			children = (
				408BF9B02DA5C3D400A1B2C3 /* MorningDashboardApp.swift */,
				408BF9B12DA5C3D400A1B2C3 /* ContentView.swift */,
				408BF9B22DA5C3D400A1B2C3 /* SolarizedTheme.swift */,
				408BF9B32DA5C3D400A1B2C3 /* WeatherSection.swift */,
				408BF9B42DA5C3D400A1B2C3 /* CalendarSection.swift */,
				408BF9B52DA5C3D400A1B2C3 /* RedsSection.swift */,
				408BF9B62DA5C3D400A1B2C3 /* ESPNSection.swift */,
				408BF9BA2DA5C3D400A1B2C3 /* SportsDataStore.swift */,
				408BF9B72DA5C3D400A1B2C3 /* Assets.xcassets */,
				408BF9BB2DA5C3D400A1B2C3 /* Morning Dashboard Icon.icon */,
				408BF9B82DA5C3D400A1B2C3 /* Info.plist */,
			);
			path = MorningDashboard;
			sourceTree = "<group>";
		};
/* End PBXGroup section */

/* Begin PBXNativeTarget section */
		408BF9E02DA5C3D400A1B2C3 /* MorningDashboard */ = {
			isa = PBXNativeTarget;
			buildConfigurationList = 408BFA012DA5C3D400A1B2C3 /* Build configuration list for PBXNativeTarget "MorningDashboard" */;
			buildPhases = (
				408BF9D02DA5C3D400A1B2C3 /* Sources */,
				408BF9D12DA5C3D400A1B2C3 /* Frameworks */,
				408BF9D22DA5C3D400A1B2C3 /* Resources */,
			);
			buildRules = (
			);
			dependencies = (
			);
			name = MorningDashboard;
			productName = MorningDashboard;
			productReference = 408BF9B92DA5C3D400A1B2C3 /* MorningDashboard.app */;
			productType = "com.apple.product-type.application";
		};
/* End PBXNativeTarget section */

/* Begin PBXProject section */
		408BF9AA2DA5C3D400A1B2C3 /* Project object */ = {
			isa = PBXProject;
			attributes = {
				BuildIndependentTargetsInParallel = 1;
				LastSwiftUpdateCheck = 1540;
				LastUpgradeCheck = 1540;
				TargetAttributes = {
					408BF9E02DA5C3D400A1B2C3 = {
						CreatedOnToolsVersion = 15.4;
					};
				};
			};
			buildConfigurationList = 408BFA002DA5C3D400A1B2C3 /* Build configuration list for PBXProject "MorningDashboard" */;
			compatibilityVersion = "Xcode 14.0";
			developmentRegion = en;
			hasScannedForEncodings = 0;
			knownRegions = (
				en,
				Base,
			);
			mainGroup = 408BF9AB2DA5C3D400A1B2C3;
			productRefGroup = 408BF9AC2DA5C3D400A1B2C3 /* Products */;
			projectDirPath = "";
			projectRoot = "";
			targets = (
				408BF9E02DA5C3D400A1B2C3 /* MorningDashboard */,
			);
		};
/* End PBXProject section */

/* Begin PBXResourcesBuildPhase section */
		408BF9D22DA5C3D400A1B2C3 /* Resources */ = {
			isa = PBXResourcesBuildPhase;
			buildActionMask = 2147483647;
			files = (
				408BF9C72DA5C3D400A1B2C3 /* Assets.xcassets in Resources */,
				408BF9C92DA5C3D400A1B2C3 /* Morning Dashboard Icon.icon in Resources */,
			);
			runOnlyForDeploymentPostprocessing = 0;
		};
/* End PBXResourcesBuildPhase section */

/* Begin PBXSourcesBuildPhase section */
		408BF9D02DA5C3D400A1B2C3 /* Sources */ = {
			isa = PBXSourcesBuildPhase;
			buildActionMask = 2147483647;
			files = (
				408BF9C02DA5C3D400A1B2C3 /* MorningDashboardApp.swift in Sources */,
				408BF9C12DA5C3D400A1B2C3 /* ContentView.swift in Sources */,
				408BF9C22DA5C3D400A1B2C3 /* SolarizedTheme.swift in Sources */,
				408BF9C32DA5C3D400A1B2C3 /* WeatherSection.swift in Sources */,
				408BF9C42DA5C3D400A1B2C3 /* CalendarSection.swift in Sources */,
				408BF9C52DA5C3D400A1B2C3 /* RedsSection.swift in Sources */,
				408BF9C62DA5C3D400A1B2C3 /* ESPNSection.swift in Sources */,
				408BF9C82DA5C3D400A1B2C3 /* SportsDataStore.swift in Sources */,
			);
			runOnlyForDeploymentPostprocessing = 0;
		};
/* End PBXSourcesBuildPhase section */

/* Begin XCBuildConfiguration section */
		408BF9F02DA5C3D400A1B2C3 /* Debug */ = {
			isa = XCBuildConfiguration;
			buildSettings = {
				ALWAYS_SEARCH_USER_PATHS = NO;
				ASSETCATALOG_COMPILER_GENERATE_SWIFT_ASSET_SYMBOL_EXTENSIONS = YES;
				CLANG_ANALYZER_NONNULL = YES;
				CLANG_ANALYZER_NUMBER_OBJECT_CONVERSION = YES_AGGRESSIVE;
				CLANG_CXX_LANGUAGE_STANDARD = "gnu++20";
				CLANG_ENABLE_MODULES = YES;
				CLANG_ENABLE_OBJC_ARC = YES;
				CLANG_ENABLE_OBJC_WEAK = YES;
				CLANG_WARN_BLOCK_CAPTURE_AUTORELEASING = YES;
				CLANG_WARN_BOOL_CONVERSION = YES;
				CLANG_WARN_COMMA = YES;
				CLANG_WARN_CONSTANT_CONVERSION = YES;
				CLANG_WARN_DEPRECATED_OBJC_IMPLEMENTATIONS = YES;
				CLANG_WARN_DIRECT_OBJC_ISA_USAGE = YES_ERROR;
				CLANG_WARN_DOCUMENTATION_COMMENTS = YES;
				CLANG_WARN_EMPTY_BODY = YES;
				CLANG_WARN_ENUM_CONVERSION = YES;
				CLANG_WARN_INFINITE_RECURSION = YES;
				CLANG_WARN_INT_CONVERSION = YES;
				CLANG_WARN_NON_LITERAL_NULL_CONVERSION = YES;
				CLANG_WARN_OBJC_IMPLICIT_RETAIN_SELF = YES;
				CLANG_WARN_OBJC_LITERAL_CONVERSION = YES;
				CLANG_WARN_OBJC_ROOT_CLASS = YES_ERROR;
				CLANG_WARN_QUOTED_INCLUDE_IN_FRAMEWORK_HEADER = YES;
				CLANG_WARN_RANGE_LOOP_ANALYSIS = YES;
				CLANG_WARN_STRICT_PROTOTYPES = YES;
				CLANG_WARN_SUSPICIOUS_MOVE = YES;
				CLANG_WARN_UNGUARDED_AVAILABILITY = YES_AGGRESSIVE;
				CLANG_WARN_UNREACHABLE_CODE = YES;
				CLANG_WARN__DUPLICATE_METHOD_MATCH = YES;
				COPY_PHASE_STRIP = NO;
				DEBUG_INFORMATION_FORMAT = dwarf;
				ENABLE_STRICT_OBJC_MSGSEND = YES;
				ENABLE_TESTABILITY = YES;
				ENABLE_USER_SCRIPT_SANDBOXING = YES;
				GCC_C_LANGUAGE_STANDARD = gnu17;
				GCC_DYNAMIC_NO_PIC = NO;
				GCC_NO_COMMON_BLOCKS = YES;
				GCC_OPTIMIZATION_LEVEL = 0;
				GCC_PREPROCESSOR_DEFINITIONS = (
					"DEBUG=1",
					"$(inherited)",
				);
				GCC_WARN_64_TO_32_BIT_CONVERSION = YES;
				GCC_WARN_ABOUT_RETURN_TYPE = YES_ERROR;
				GCC_WARN_UNDECLARED_SELECTOR = YES;
				GCC_WARN_UNINITIALIZED_AUTOS = YES_AGGRESSIVE;
				GCC_WARN_UNUSED_FUNCTION = YES;
				GCC_WARN_UNUSED_VARIABLE = YES;
				IPHONEOS_DEPLOYMENT_TARGET = 17.0;
				MTL_ENABLE_DEBUG_INFO = INCLUDE_SOURCE;
				MTL_FAST_MATH = YES;
				ONLY_ACTIVE_ARCH = YES;
				SDKROOT = iphoneos;
				SWIFT_ACTIVE_COMPILATION_CONDITIONS = "$(inherited) DEBUG";
				SWIFT_OPTIMIZATION_LEVEL = "-Onone";
			};
			name = Debug;
		};
		408BF9F12DA5C3D400A1B2C3 /* Release */ = {
			isa = XCBuildConfiguration;
			buildSettings = {
				ALWAYS_SEARCH_USER_PATHS = NO;
				ASSETCATALOG_COMPILER_GENERATE_SWIFT_ASSET_SYMBOL_EXTENSIONS = YES;
				CLANG_ANALYZER_NONNULL = YES;
				CLANG_ANALYZER_NUMBER_OBJECT_CONVERSION = YES_AGGRESSIVE;
				CLANG_CXX_LANGUAGE_STANDARD = "gnu++20";
				CLANG_ENABLE_MODULES = YES;
				CLANG_ENABLE_OBJC_ARC = YES;
				CLANG_ENABLE_OBJC_WEAK = YES;
				CLANG_WARN_BLOCK_CAPTURE_AUTORELEASING = YES;
				CLANG_WARN_BOOL_CONVERSION = YES;
				CLANG_WARN_COMMA = YES;
				CLANG_WARN_CONSTANT_CONVERSION = YES;
				CLANG_WARN_DEPRECATED_OBJC_IMPLEMENTATIONS = YES;
				CLANG_WARN_DIRECT_OBJC_ISA_USAGE = YES_ERROR;
				CLANG_WARN_DOCUMENTATION_COMMENTS = YES;
				CLANG_WARN_EMPTY_BODY = YES;
				CLANG_WARN_ENUM_CONVERSION = YES;
				CLANG_WARN_INFINITE_RECURSION = YES;
				CLANG_WARN_INT_CONVERSION = YES;
				CLANG_WARN_NON_LITERAL_NULL_CONVERSION = YES;
				CLANG_WARN_OBJC_IMPLICIT_RETAIN_SELF = YES;
				CLANG_WARN_OBJC_LITERAL_CONVERSION = YES;
				CLANG_WARN_OBJC_ROOT_CLASS = YES_ERROR;
				CLANG_WARN_QUOTED_INCLUDE_IN_FRAMEWORK_HEADER = YES;
				CLANG_WARN_RANGE_LOOP_ANALYSIS = YES;
				CLANG_WARN_STRICT_PROTOTYPES = YES;
				CLANG_WARN_SUSPICIOUS_MOVE = YES;
				CLANG_WARN_UNGUARDED_AVAILABILITY = YES_AGGRESSIVE;
				CLANG_WARN_UNREACHABLE_CODE = YES;
				CLANG_WARN__DUPLICATE_METHOD_MATCH = YES;
				COPY_PHASE_STRIP = NO;
				DEBUG_INFORMATION_FORMAT = "dwarf-with-dsym";
				ENABLE_NS_ASSERTIONS = NO;
				ENABLE_STRICT_OBJC_MSGSEND = YES;
				ENABLE_USER_SCRIPT_SANDBOXING = YES;
				GCC_C_LANGUAGE_STANDARD = gnu17;
				GCC_NO_COMMON_BLOCKS = YES;
				GCC_WARN_64_TO_32_BIT_CONVERSION = YES;
				GCC_WARN_ABOUT_RETURN_TYPE = YES_ERROR;
				GCC_WARN_UNDECLARED_SELECTOR = YES;
				GCC_WARN_UNINITIALIZED_AUTOS = YES_AGGRESSIVE;
				GCC_WARN_UNUSED_FUNCTION = YES;
				GCC_WARN_UNUSED_VARIABLE = YES;
				IPHONEOS_DEPLOYMENT_TARGET = 17.0;
				MTL_ENABLE_DEBUG_INFO = NO;
				MTL_FAST_MATH = YES;
				SDKROOT = iphoneos;
				SWIFT_COMPILATION_MODE = wholemodule;
				VALIDATE_PRODUCT = YES;
			};
			name = Release;
		};
		408BF9F22DA5C3D400A1B2C3 /* Debug */ = {
			isa = XCBuildConfiguration;
			buildSettings = {
				ASSETCATALOG_COMPILER_GLOBAL_ACCENT_COLOR_NAME = AccentColor;
				ASSETCATALOG_COMPILER_INCLUDE_ALL_APPICON_ASSETS = NO;
				CODE_SIGN_STYLE = Automatic;
				CURRENT_PROJECT_VERSION = 1;
				GENERATE_INFOPLIST_FILE = YES;
				INFOPLIST_FILE = MorningDashboard/Info.plist;
				INFOPLIST_KEY_UIApplicationSceneManifest_Generation = YES;
				INFOPLIST_KEY_UIApplicationSupportsIndirectInputEvents = YES;
				INFOPLIST_KEY_UILaunchScreen_Generation = YES;
				INFOPLIST_KEY_UISupportedInterfaceOrientations = UIInterfaceOrientationPortrait;
				INFOPLIST_KEY_UISupportedInterfaceOrientations_iPad = "UIInterfaceOrientationLandscapeLeft UIInterfaceOrientationLandscapeRight UIInterfaceOrientationPortrait UIInterfaceOrientationPortraitUpsideDown";
				LD_RUNPATH_SEARCH_PATHS = (
					"$(inherited)",
					"@executable_path/Frameworks",
				);
				MARKETING_VERSION = 1.0;
				PRODUCT_BUNDLE_IDENTIFIER = com.morningdashboard.app;
				PRODUCT_NAME = "$(TARGET_NAME)";
				SWIFT_EMIT_LOC_STRINGS = YES;
				SWIFT_VERSION = 5.0;
				TARGETED_DEVICE_FAMILY = "1,2";
			};
			name = Debug;
		};
		408BF9F32DA5C3D400A1B2C3 /* Release */ = {
			isa = XCBuildConfiguration;
			buildSettings = {
				ASSETCATALOG_COMPILER_GLOBAL_ACCENT_COLOR_NAME = AccentColor;
				ASSETCATALOG_COMPILER_INCLUDE_ALL_APPICON_ASSETS = NO;
				CODE_SIGN_STYLE = Automatic;
				CURRENT_PROJECT_VERSION = 1;
				GENERATE_INFOPLIST_FILE = YES;
				INFOPLIST_FILE = MorningDashboard/Info.plist;
				INFOPLIST_KEY_UIApplicationSceneManifest_Generation = YES;
				INFOPLIST_KEY_UIApplicationSupportsIndirectInputEvents = YES;
				INFOPLIST_KEY_UILaunchScreen_Generation = YES;
				INFOPLIST_KEY_UISupportedInterfaceOrientations = UIInterfaceOrientationPortrait;
				INFOPLIST_KEY_UISupportedInterfaceOrientations_iPad = "UIInterfaceOrientationLandscapeLeft UIInterfaceOrientationLandscapeRight UIInterfaceOrientationPortrait UIInterfaceOrientationPortraitUpsideDown";
				LD_RUNPATH_SEARCH_PATHS = (
					"$(inherited)",
					"@executable_path/Frameworks",
				);
				MARKETING_VERSION = 1.0;
				PRODUCT_BUNDLE_IDENTIFIER = com.morningdashboard.app;
				PRODUCT_NAME = "$(TARGET_NAME)";
				SWIFT_EMIT_LOC_STRINGS = YES;
				SWIFT_VERSION = 5.0;
				TARGETED_DEVICE_FAMILY = "1,2";
			};
			name = Release;
		};
/* End XCBuildConfiguration section */

/* Begin XCConfigurationList section */
		408BFA002DA5C3D400A1B2C3 /* Build configuration list for PBXProject "MorningDashboard" */ = {
			isa = XCConfigurationList;
			buildConfigurations = (
				408BF9F02DA5C3D400A1B2C3 /* Debug */,
				408BF9F12DA5C3D400A1B2C3 /* Release */,
			);
			defaultConfigurationIsVisible = 0;
			defaultConfigurationName = Release;
		};
		408BFA012DA5C3D400A1B2C3 /* Build configuration list for PBXNativeTarget "MorningDashboard" */ = {
			isa = XCConfigurationList;
			buildConfigurations = (
				408BF9F22DA5C3D400A1B2C3 /* Debug */,
				408BF9F32DA5C3D400A1B2C3 /* Release */,
			);
			defaultConfigurationIsVisible = 0;
			defaultConfigurationName = Release;
		};
/* End XCConfigurationList section */

	};
	rootObject = 408BF9AA2DA5C3D400A1B2C3 /* Project object */;
}
